
Microsoft Visual Studio Solution File, Format Version 12.00
# Visual Studio 15
VisualStudioVersion = 15.0.27004.2009
MinimumVisualStudioVersion = 10.0.40219.1
Project("{8BC9CEB8-8B4A-11D0-8D11-00A0C91BC942}") = "RABC Analyser", "RABC Analyser\RABC Analyser.vcxproj", "{48CB8AD7-9E9B-4C35-BCD8-8573BFB9941E}"
EndProject
Project("{8BC9CEB8-8B4A-11D0-8D11-00A0C91BC942}") = "RABC Analyser GUI", "RABC Analyser GUI\RABC Analyser GUI.vcxproj", "{C5A6C4F0-9013-4961-92EE-3650980B2397}"
EndProject
Global
	GlobalSection(SolutionConfigurationPlatforms) = preSolution
		Debug|x64 = Debug|x64
		Debug|x86 = Debug|x86
		Release|x64 = Release|x64
		Release|x86 = Release|x86
	EndGlobalSection
	GlobalSection(ProjectConfigurationPlatforms) = postSolution
		{48CB8AD7-9E9B-4C35-BCD8-8573BFB9941E}.Debug|x64.ActiveCfg = Debug|x64
		{48CB8AD7-9E9B-4C35-BCD8-8573BFB9941E}.Debug|x64.Build.0 = Debug|x64
		{48CB8AD7-9E9B-4C35-BCD8-8573BFB9941E}.Debug|x86.ActiveCfg = Debug|Win32
		{48CB8AD7-9E9B-4C35-BCD8-8573BFB9941E}.Debug|x86.Build.0 = Debug|Win32
		{48CB8AD7-9E9B-4C35-BCD8-8573BFB9941E}.Release|x64.ActiveCfg = Release|x64
		{48CB8AD7-9E9B-4C35-BCD8-8573BFB9941E}.Release|x64.Build.0 = Release|x64
		{48CB8AD7-9E9B-4C35-BCD8-8573BFB9941E}.Release|x86.ActiveCfg = Release|Win32
		{48CB8AD7-9E9B-4C35-BCD8-8573BFB9941E}.Release|x86.Build.0 = Release|Win32
		{C5A6C4F0-9013-4961-92EE-3650980B2397}.Debug|x64.ActiveCfg = Debug|x64
		{C5A6C4F0-9013-4961-92EE-3650980B2397}.Debug|x64.Build.0 = Debug|x64
		{C5A6C4F0-9013-4961-92EE-3650980B2397}.Debug|x86.ActiveCfg = Debug|Win32
		{C5A6C4F0-9013-4961-92EE-3650980B2397}.Debug|x86.Build.0 = Debug|Win32
		{C5A6C4F0-9013-4961-92EE-3650980B2397}.Release|x64.ActiveCfg = Release|x64
		{C5A6C4F0-9013-4961-92EE-3650980B2397}.Release|x64.Build.0 = Release|x64
		{C5A6C4F0-9013-4961-92EE-3650980B2397}.Release|x86.ActiveCfg = Release|Win32
		{C5A6C4F0-9013-4961-92EE-3650980B2397}.Release|x86.Build.0 = Release|Win32
	EndGlobalSection
	GlobalSection(SolutionProperties) = preSolution
		HideSolutionNode = FALSE
	EndGlobalSection
	GlobalSection(ExtensibilityGlobals) = postSolution
		SolutionGuid = {8BC491DC-9DC8-45D7-82E0-52DB37BD38F7}
	EndGlobalSection
EndGlobal
